
Microsoft Visual Studio Solution File, Format Version 12.00
# Visual Studio Version 16
VisualStudioVersion = 16.0.32901.82
MinimumVisualStudioVersion = 10.0.40219.1
Project("{FAE04EC0-301F-11D3-BF4B-00C04F79EFBC}") = "D4_JEMH_1043721", "D4_JEMH_1043721\D4_JEMH_1043721.csproj", "{D37AAA9A-4FA3-419C-AD1B-6999F17BECAC}"
EndProject
Global
	GlobalSection(SolutionConfigurationPlatforms) = preSolution
		Debug|Any CPU = Debug|Any CPU
		Release|Any CPU = Release|Any CPU
	EndGlobalSection
	GlobalSection(ProjectConfigurationPlatforms) = postSolution
		{D37AAA9A-4FA3-419C-AD1B-6999F17BECAC}.Debug|Any CPU.ActiveCfg = Debug|Any CPU
		{D37AAA9A-4FA3-419C-AD1B-6999F17BECAC}.Debug|Any CPU.Build.0 = Debug|Any CPU
		{D37AAA9A-4FA3-419C-AD1B-6999F17BECAC}.Release|Any CPU.ActiveCfg = Release|Any CPU
		{D37AAA9A-4FA3-419C-AD1B-6999F17BECAC}.Release|Any CPU.Build.0 = Release|Any CPU
	EndGlobalSection
	GlobalSection(SolutionProperties) = preSolution
		HideSolutionNode = FALSE
	EndGlobalSection
	GlobalSection(ExtensibilityGlobals) = postSolution
		SolutionGuid = {8AAF3001-E9D2-4F1F-A696-4003BCC43B5B}
	EndGlobalSection
EndGlobal
