
Microsoft Visual Studio Solution File, Format Version 12.00
# Visual Studio Version 16
VisualStudioVersion = 16.0.32901.82
MinimumVisualStudioVersion = 10.0.40219.1
Project("{FAE04EC0-301F-11D3-BF4B-00C04F79EFBC}") = "T7_JEMH_1043721", "T7_JEMH_1043721\T7_JEMH_1043721.csproj", "{20210A58-4520-42E7-B6DD-EBFC37C9D9FF}"
EndProject
Global
	GlobalSection(SolutionConfigurationPlatforms) = preSolution
		Debug|Any CPU = Debug|Any CPU
		Release|Any CPU = Release|Any CPU
	EndGlobalSection
	GlobalSection(ProjectConfigurationPlatforms) = postSolution
		{20210A58-4520-42E7-B6DD-EBFC37C9D9FF}.Debug|Any CPU.ActiveCfg = Debug|Any CPU
		{20210A58-4520-42E7-B6DD-EBFC37C9D9FF}.Debug|Any CPU.Build.0 = Debug|Any CPU
		{20210A58-4520-42E7-B6DD-EBFC37C9D9FF}.Release|Any CPU.ActiveCfg = Release|Any CPU
		{20210A58-4520-42E7-B6DD-EBFC37C9D9FF}.Release|Any CPU.Build.0 = Release|Any CPU
	EndGlobalSection
	GlobalSection(SolutionProperties) = preSolution
		HideSolutionNode = FALSE
	EndGlobalSection
	GlobalSection(ExtensibilityGlobals) = postSolution
		SolutionGuid = {7CBF51B6-8DD6-4005-9E8C-AF85FC8C48B9}
	EndGlobalSection
EndGlobal
